
Microsoft Visual Studio Solution File, Format Version 12.00
# Visual Studio Version 16
VisualStudioVersion = 16.0.29201.188
MinimumVisualStudioVersion = 10.0.40219.1
Project("{9A19103F-16F7-4668-BE54-9A1E7A4F7556}") = "GDAPI", "GDAPI\GDAPI.csproj", "{18EBAE6C-C5C7-4423-8A02-7B54C3C0FC02}"
EndProject
Project("{FAE04EC0-301F-11D3-BF4B-00C04F79EFBC}") = "GDAPI.Tests", "GDAPI.Tests\GDAPI.Tests.csproj", "{F296D044-2078-4E0C-9111-D57580C7A736}"
EndProject
Global
	GlobalSection(SolutionConfigurationPlatforms) = preSolution
		Debug|Any CPU = Debug|Any CPU
		Release|Any CPU = Release|Any CPU
	EndGlobalSection
	GlobalSection(ProjectConfigurationPlatforms) = postSolution
		{18EBAE6C-C5C7-4423-8A02-7B54C3C0FC02}.Debug|Any CPU.ActiveCfg = Debug|Any CPU
		{18EBAE6C-C5C7-4423-8A02-7B54C3C0FC02}.Debug|Any CPU.Build.0 = Debug|Any CPU
		{18EBAE6C-C5C7-4423-8A02-7B54C3C0FC02}.Release|Any CPU.ActiveCfg = Release|Any CPU
		{18EBAE6C-C5C7-4423-8A02-7B54C3C0FC02}.Release|Any CPU.Build.0 = Release|Any CPU
		{F296D044-2078-4E0C-9111-D57580C7A736}.Debug|Any CPU.ActiveCfg = Debug|Any CPU
		{F296D044-2078-4E0C-9111-D57580C7A736}.Debug|Any CPU.Build.0 = Debug|Any CPU
		{F296D044-2078-4E0C-9111-D57580C7A736}.Release|Any CPU.ActiveCfg = Release|Any CPU
		{F296D044-2078-4E0C-9111-D57580C7A736}.Release|Any CPU.Build.0 = Release|Any CPU
	EndGlobalSection
	GlobalSection(SolutionProperties) = preSolution
		HideSolutionNode = FALSE
	EndGlobalSection
	GlobalSection(ExtensibilityGlobals) = postSolution
		SolutionGuid = {2EFA4EC6-E419-408E-9635-6E47E325F1AD}
	EndGlobalSection
EndGlobal
